{
    "_readme": [
        "This file locks the dependencies of your project to a known state",
        "Read more about it at https://getcomposer.org/doc/01-basic-usage.md#installing-dependencies",
        "This file is @generated automatically"
    ],
    "content-hash": "a62e2e0f6c721ab8606c1da988ddd34f",
    "packages": [
        {
            "name": "bitwasp/bech32",
            "version": "v0.0.1",
            "source": {
                "type": "git",
                "url": "https://github.com/Bit-Wasp/bech32.git",
                "reference": "e1ea58c848a4ec59d81b697b3dfe9cc99968d0e7"
            },
            "dist": {
                "type": "zip",
                "url": "https://api.github.com/repos/Bit-Wasp/bech32/zipball/e1ea58c848a4ec59d81b697b3dfe9cc99968d0e7",
                "reference": "e1ea58c848a4ec59d81b697b3dfe9cc99968d0e7",
                "shasum": ""
            },
            "require-dev": {
                "phpunit/phpunit": "^5.4.0",
                "squizlabs/php_codesniffer": "^2.0.0"
            },
            "type": "library",
            "autoload": {
                "files": [
                    "src/bech32.php"
                ],
                "psr-4": {
                    "BitWasp\\Bech32\\": "src/"
                }
            },
            "notification-url": "https://packagist.org/downloads/",
            "license": [
                "Unlicense"
            ],
            "authors": [
                {
                    "name": "Thomas Kerin",
                    "homepage": "https://thomaskerin.io",
                    "role": "Author"
                }
            ],
            "description": "Pure (no dependencies) implementation of bech32",
            "homepage": "https://github.com/bit-wasp/bech32",
            "support": {
                "issues": "https://github.com/Bit-Wasp/bech32/issues",
                "source": "https://github.com/Bit-Wasp/bech32/tree/more-tests"
            },
            "time": "2018-02-05T22:23:47+00:00"
        },
        {
            "name": "bitwasp/bitcoin",
            "version": "v1.1.0",
            "source": {
                "type": "git",
                "url": "https://github.com/Bit-Wasp/bitcoin-php.git",
                "reference": "527b1ee7d2cd958b5ce011c7918801ffbfb53f97"
            },
            "dist": {
                "type": "zip",
                "url": "https://api.github.com/repos/Bit-Wasp/bitcoin-php/zipball/527b1ee7d2cd958b5ce011c7918801ffbfb53f97",
                "reference": "527b1ee7d2cd958b5ce011c7918801ffbfb53f97",
                "shasum": ""
            },
            "require": {
                "bitwasp/bech32": "^0.0.1",
                "bitwasp/buffertools": "^0.5.0",
                "composer/semver": "^1.4.0|^3.2.0",
                "lastguest/murmurhash": "v2.0.0",
                "paragonie/ecc": "^2.1.0",
                "php-64bit": ">=7.0",
                "pleonasm/merkle-tree": "1.0.0"
            },
            "require-dev": {
                "bitwasp/bitcoinconsensus": "v3.0.0",
                "bitwasp/secp256k1-php": "^v0.2.0",
                "ext-json": "*",
                "nbobtc/bitcoind-php": "v2.0.2",
                "phpunit/phpunit": "^5.4.0",
                "squizlabs/php_codesniffer": "^2.0.0"
            },
            "suggest": {
                "ext-bitcoinconsensus": "The bitcoinconsensus library for safest possible script verification",
                "ext-secp256k1": "The secp256k1 library for fast and safe elliptic curve operations"
            },
            "type": "library",
            "autoload": {
                "files": [
                    "src/Script/functions.php"
                ],
                "psr-4": {
                    "BitWasp\\Bitcoin\\": "src/"
                }
            },
            "notification-url": "https://packagist.org/downloads/",
            "license": [
                "Unlicense"
            ],
            "authors": [
                {
                    "name": "Thomas Kerin",
                    "homepage": "https://thomaskerin.io",
                    "role": "Author"
                }
            ],
            "description": "PHP Bitcoin library with functions for transactions, signatures, serialization, Random/Deterministic ECDSA keys, blocks, RPC bindings",
            "homepage": "https://github.com/bit-wasp/bitcoin-php",
            "support": {
                "issues": "https://github.com/Bit-Wasp/bitcoin-php/issues",
                "source": "https://github.com/Bit-Wasp/bitcoin-php/tree/v1.1.0"
            },
            "time": "2026-02-25T12:01:13+00:00"
        },
        {
            "name": "bitwasp/buffertools",
            "version": "v0.5.7",
            "source": {
                "type": "git",
                "url": "https://github.com/Bit-Wasp/buffertools-php.git",
                "reference": "133746d0b514e0016d8479b54aa97475405a9f1f"
            },
            "dist": {
                "type": "zip",
                "url": "https://api.github.com/repos/Bit-Wasp/buffertools-php/zipball/133746d0b514e0016d8479b54aa97475405a9f1f",
                "reference": "133746d0b514e0016d8479b54aa97475405a9f1f",
                "shasum": ""
            },
            "require": {
                "php-64bit": ">=7.0.0"
            },
            "require-dev": {
                "phpunit/phpunit": "^6.0",
                "squizlabs/php_codesniffer": "~2.0"
            },
            "type": "library",
            "autoload": {
                "psr-4": {
                    "BitWasp\\Buffertools\\": "src/Buffertools/"
                }
            },
            "notification-url": "https://packagist.org/downloads/",
            "license": [
                "MIT"
            ],
            "authors": [
                {
                    "name": "Thomas Kerin",
                    "homepage": "https://thomaskerin.io"
                },
                {
                    "name": "Ruben de Vries",
                    "email": "ruben@rubensayshi.com"
                }
            ],
            "description": "Toolbox for working with binary and hex data. Similar to NodeJS Buffer.",
            "support": {
                "issues": "https://github.com/Bit-Wasp/buffertools-php/issues",
                "source": "https://github.com/Bit-Wasp/buffertools-php/tree/v0.5.7"
            },
            "time": "2020-01-17T21:31:49+00:00"
        },
        {
            "name": "composer/semver",
            "version": "3.4.4",
            "source": {
                "type": "git",
                "url": "https://github.com/composer/semver.git",
                "reference": "198166618906cb2de69b95d7d47e5fa8aa1b2b95"
            },
            "dist": {
                "type": "zip",
                "url": "https://api.github.com/repos/composer/semver/zipball/198166618906cb2de69b95d7d47e5fa8aa1b2b95",
                "reference": "198166618906cb2de69b95d7d47e5fa8aa1b2b95",
                "shasum": ""
            },
            "require": {
                "php": "^5.3.2 || ^7.0 || ^8.0"
            },
            "require-dev": {
                "phpstan/phpstan": "^1.11",
                "symfony/phpunit-bridge": "^3 || ^7"
            },
            "type": "library",
            "extra": {
                "branch-alias": {
                    "dev-main": "3.x-dev"
                }
            },
            "autoload": {
                "psr-4": {
                    "Composer\\Semver\\": "src"
                }
            },
            "notification-url": "https://packagist.org/downloads/",
            "license": [
                "MIT"
            ],
            "authors": [
                {
                    "name": "Nils Adermann",
                    "email": "naderman@naderman.de",
                    "homepage": "http://www.naderman.de"
                },
                {
                    "name": "Jordi Boggiano",
                    "email": "j.boggiano@seld.be",
                    "homepage": "http://seld.be"
                },
                {
                    "name": "Rob Bast",
                    "email": "rob.bast@gmail.com",
                    "homepage": "http://robbast.nl"
                }
            ],
            "description": "Semver library that offers utilities, version constraint parsing and validation.",
            "keywords": [
                "semantic",
                "semver",
                "validation",
                "versioning"
            ],
            "support": {
                "irc": "ircs://irc.libera.chat:6697/composer",
                "issues": "https://github.com/composer/semver/issues",
                "source": "https://github.com/composer/semver/tree/3.4.4"
            },
            "funding": [
                {
                    "url": "https://packagist.com",
                    "type": "custom"
                },
                {
                    "url": "https://github.com/composer",
                    "type": "github"
                }
            ],
            "time": "2025-08-20T19:15:30+00:00"
        },
        {
            "name": "genkgo/php-asn1",
            "version": "v2.9.0",
            "source": {
                "type": "git",
                "url": "https://github.com/genkgo/php-asn1.git",
                "reference": "dc535345d0ecc69181c6a1e17e57a625bd01f891"
            },
            "dist": {
                "type": "zip",
                "url": "https://api.github.com/repos/genkgo/php-asn1/zipball/dc535345d0ecc69181c6a1e17e57a625bd01f891",
                "reference": "dc535345d0ecc69181c6a1e17e57a625bd01f891",
                "shasum": ""
            },
            "require": {
                "php": "~8.1.0 || ~8.2.0 || ~8.3.0 || ~8.4.0 || ~8.5.0"
            },
            "require-dev": {
                "php-coveralls/php-coveralls": "~2.0",
                "phpunit/phpunit": "^9.0"
            },
            "suggest": {
                "ext-bcmath": "BCmath is the fallback extension for big integer calculations",
                "ext-curl": "For loading OID information from the web if they have not bee defined statically",
                "ext-gmp": "GMP is the preferred extension for big integer calculations",
                "phpseclib/bcmath_compat": "BCmath polyfill for servers where neither GMP nor BCmath is available"
            },
            "type": "library",
            "extra": {
                "branch-alias": {
                    "dev-master": "2.0.x-dev"
                }
            },
            "autoload": {
                "psr-4": {
                    "FG\\": "lib/"
                }
            },
            "notification-url": "https://packagist.org/downloads/",
            "license": [
                "MIT"
            ],
            "authors": [
                {
                    "name": "Frederik Bosch",
                    "email": "f.bosch@genkgo.nl",
                    "role": "Author"
                },
                {
                    "name": "Friedrich Große",
                    "email": "friedrich.grosse@gmail.com",
                    "homepage": "https://github.com/FGrosse",
                    "role": "Author"
                },
                {
                    "name": "All contributors",
                    "homepage": "https://github.com/genkgo/php-asn1/contributors"
                }
            ],
            "description": "A PHP Framework that allows you to encode and decode arbitrary ASN.1 structures using the ITU-T X.690 Encoding Rules.",
            "homepage": "https://github.com/FGrosse/PHPASN1",
            "keywords": [
                "DER",
                "asn.1",
                "asn1",
                "ber",
                "binary",
                "decoding",
                "encoding",
                "x.509",
                "x.690",
                "x509",
                "x690"
            ],
            "support": {
                "issues": "https://github.com/genkgo/php-asn1/issues",
                "source": "https://github.com/genkgo/php-asn1/tree/v2.9.0"
            },
            "time": "2026-01-06T11:43:05+00:00"
        },
        {
            "name": "lastguest/murmurhash",
            "version": "2.0.0",
            "source": {
                "type": "git",
                "url": "https://github.com/lastguest/murmurhash-php.git",
                "reference": "4fb7516f67e695e5d7fa129d1bbb925ec0ebe408"
            },
            "dist": {
                "type": "zip",
                "url": "https://api.github.com/repos/lastguest/murmurhash-php/zipball/4fb7516f67e695e5d7fa129d1bbb925ec0ebe408",
                "reference": "4fb7516f67e695e5d7fa129d1bbb925ec0ebe408",
                "shasum": ""
            },
            "require": {
                "php": "^7"
            },
            "require-dev": {
                "phpstan/phpstan": "^0.6.3",
                "phpunit/phpunit": "^5"
            },
            "type": "library",
            "autoload": {
                "psr-4": {
                    "lastguest\\": "src/lastguest/"
                }
            },
            "notification-url": "https://packagist.org/downloads/",
            "license": [
                "MIT"
            ],
            "authors": [
                {
                    "name": "Stefano Azzolini",
                    "email": "lastguest@gmail.com",
                    "homepage": "https://github.com/lastguest/murmurhash-php"
                }
            ],
            "description": "MurmurHash3 Hash",
            "homepage": "https://github.com/lastguest/murmurhash-php",
            "keywords": [
                "hash",
                "hashing",
                "murmur"
            ],
            "support": {
                "issues": "https://github.com/lastguest/murmurhash-php/issues",
                "source": "https://github.com/lastguest/murmurhash-php/tree/master"
            },
            "time": "2017-10-10T15:16:12+00:00"
        },
        {
            "name": "paragonie/ecc",
            "version": "v2.5.0",
            "source": {
                "type": "git",
                "url": "https://github.com/paragonie/phpecc.git",
                "reference": "d25bd2aab9b1205db1cf3aa3e83531d4549377bf"
            },
            "dist": {
                "type": "zip",
                "url": "https://api.github.com/repos/paragonie/phpecc/zipball/d25bd2aab9b1205db1cf3aa3e83531d4549377bf",
                "reference": "d25bd2aab9b1205db1cf3aa3e83531d4549377bf",
                "shasum": ""
            },
            "require": {
                "ext-gmp": "*",
                "genkgo/php-asn1": "^2",
                "paragonie/sodium_compat": "^1|^2",
                "php": "^7.1||^8.0"
            },
            "require-dev": {
                "bitcoin/bips": "dev-master",
                "c2sp/wycheproof": "dev-master",
                "ext-json": "*",
                "phpunit/phpunit": "^6|^7|^8|^9",
                "squizlabs/php_codesniffer": "^2|^3",
                "symfony/yaml": "^2.6|^3.0|^4|^5|^6|^7",
                "vimeo/psalm": "^2|^3|^4|^5|^6"
            },
            "suggest": {
                "ext-openssl": "(PHP 8.1, OpenSSL 3+) Improved performance, less worries about side-channels"
            },
            "type": "library",
            "autoload": {
                "psr-4": {
                    "Mdanter\\Ecc\\": "src/"
                }
            },
            "notification-url": "https://packagist.org/downloads/",
            "license": [
                "MIT"
            ],
            "authors": [
                {
                    "name": "Paragon Initiative Enterprises",
                    "email": "security@paragonie.com",
                    "homepage": "https://paragonie.com",
                    "role": "New Maintainer"
                },
                {
                    "name": "Matyas Danter",
                    "homepage": "http://matejdanter.com/",
                    "role": "Previous Author"
                },
                {
                    "name": "Thibaud Fabre",
                    "email": "thibaud@aztech.io",
                    "homepage": "http://aztech.io",
                    "role": "Previous Maintainer"
                },
                {
                    "name": "Thomas Kerin",
                    "email": "afk11@users.noreply.github.com",
                    "role": "Previous Maintainer"
                }
            ],
            "description": "PHP Elliptic Curve Cryptography library",
            "homepage": "https://github.com/phpecc/phpecc",
            "keywords": [
                "Diffie",
                "ECDSA",
                "Hellman",
                "curve",
                "ecdh",
                "elliptic",
                "nistp192",
                "nistp224",
                "nistp256",
                "nistp384",
                "nistp521",
                "phpecc",
                "secp256k1",
                "secp256r1"
            ],
            "support": {
                "issues": "https://github.com/paragonie/phpecc/issues",
                "source": "https://github.com/paragonie/phpecc/tree/v2.5.0"
            },
            "time": "2025-07-19T01:25:49+00:00"
        },
        {
            "name": "paragonie/sodium_compat",
            "version": "v2.5.0",
            "source": {
                "type": "git",
                "url": "https://github.com/paragonie/sodium_compat.git",
                "reference": "4714da6efdc782c06690bc72ce34fae7941c2d9f"
            },
            "dist": {
                "type": "zip",
                "url": "https://api.github.com/repos/paragonie/sodium_compat/zipball/4714da6efdc782c06690bc72ce34fae7941c2d9f",
                "reference": "4714da6efdc782c06690bc72ce34fae7941c2d9f",
                "shasum": ""
            },
            "require": {
                "php": "^8.1",
                "php-64bit": "*"
            },
            "require-dev": {
                "infection/infection": "^0",
                "nikic/php-fuzzer": "^0",
                "phpunit/phpunit": "^7|^8|^9|^10|^11",
                "vimeo/psalm": "^4|^5|^6"
            },
            "suggest": {
                "ext-sodium": "Better performance, password hashing (Argon2i), secure memory management (memzero), and better security."
            },
            "type": "library",
            "extra": {
                "branch-alias": {
                    "dev-master": "2.0.x-dev"
                }
            },
            "autoload": {
                "files": [
                    "autoload.php"
                ],
                "psr-4": {
                    "ParagonIE\\Sodium\\": "namespaced/"
                }
            },
            "notification-url": "https://packagist.org/downloads/",
            "license": [
                "ISC"
            ],
            "authors": [
                {
                    "name": "Paragon Initiative Enterprises",
                    "email": "security@paragonie.com"
                },
                {
                    "name": "Frank Denis",
                    "email": "jedisct1@pureftpd.org"
                }
            ],
            "description": "Pure PHP implementation of libsodium; uses the PHP extension if it exists",
            "keywords": [
                "Authentication",
                "BLAKE2b",
                "ChaCha20",
                "ChaCha20-Poly1305",
                "Chapoly",
                "Curve25519",
                "Ed25519",
                "EdDSA",
                "Edwards-curve Digital Signature Algorithm",
                "Elliptic Curve Diffie-Hellman",
                "Poly1305",
                "Pure-PHP cryptography",
                "RFC 7748",
                "RFC 8032",
                "Salpoly",
                "Salsa20",
                "X25519",
                "XChaCha20-Poly1305",
                "XSalsa20-Poly1305",
                "Xchacha20",
                "Xsalsa20",
                "aead",
                "cryptography",
                "ecdh",
                "elliptic curve",
                "elliptic curve cryptography",
                "encryption",
                "libsodium",
                "php",
                "public-key cryptography",
                "secret-key cryptography",
                "side-channel resistant"
            ],
            "support": {
                "issues": "https://github.com/paragonie/sodium_compat/issues",
                "source": "https://github.com/paragonie/sodium_compat/tree/v2.5.0"
            },
            "time": "2025-12-30T16:12:18+00:00"
        },
        {
            "name": "pleonasm/merkle-tree",
            "version": "1.0.0",
            "source": {
                "type": "git",
                "url": "https://github.com/pleonasm/merkle-tree.git",
                "reference": "9ddc9d0a0e396750fada378f3aa90f6c02dd56a1"
            },
            "dist": {
                "type": "zip",
                "url": "https://api.github.com/repos/pleonasm/merkle-tree/zipball/9ddc9d0a0e396750fada378f3aa90f6c02dd56a1",
                "reference": "9ddc9d0a0e396750fada378f3aa90f6c02dd56a1",
                "shasum": ""
            },
            "require": {
                "php": ">=5.4.0"
            },
            "require-dev": {
                "ext-xdebug": ">=2.2.0",
                "phpunit/php-invoker": ">=1.0.0,<1.2.0",
                "phpunit/phpunit": "3.7.19",
                "satooshi/php-coveralls": "*@dev",
                "squizlabs/php_codesniffer": "*"
            },
            "type": "library",
            "autoload": {
                "psr-0": {
                    "Pleo": "src/"
                }
            },
            "notification-url": "https://packagist.org/downloads/",
            "license": [
                "BSD-2-Clause"
            ],
            "authors": [
                {
                    "name": "Matthew Nagi",
                    "email": "matthew.nagi@base-2.net"
                }
            ],
            "description": "An implementation of a Merkle Tree in PHP",
            "support": {
                "issues": "https://github.com/pleonasm/merkle-tree/issues",
                "source": "https://github.com/pleonasm/merkle-tree/tree/master"
            },
            "time": "2013-05-22T20:46:20+00:00"
        }
    ],
    "packages-dev": [],
    "aliases": [],
    "minimum-stability": "dev",
    "stability-flags": {},
    "prefer-stable": true,
    "prefer-lowest": false,
    "platform": {
        "php": ">=8.0"
    },
    "platform-dev": {},
    "plugin-api-version": "2.6.0"
}
